
Microsoft Visual Studio Solution File, Format Version 12.00
# Visual Studio Version 17
VisualStudioVersion = 17.7.34024.191
MinimumVisualStudioVersion = 10.0.40219.1
Project("{FAE04EC0-301F-11D3-BF4B-00C04F79EFBC}") = "ConsoleApp2", "ConsoleApp2.csproj", "{A92B563A-D1EB-4047-A529-709B58E1419C}"
EndProject
Global
	GlobalSection(SolutionConfigurationPlatforms) = preSolution
		Debug|Any CPU = Debug|Any CPU
		Release|Any CPU = Release|Any CPU
	EndGlobalSection
	GlobalSection(ProjectConfigurationPlatforms) = postSolution
		{A92B563A-D1EB-4047-A529-709B58E1419C}.Debug|Any CPU.ActiveCfg = Debug|Any CPU
		{A92B563A-D1EB-4047-A529-709B58E1419C}.Debug|Any CPU.Build.0 = Debug|Any CPU
		{A92B563A-D1EB-4047-A529-709B58E1419C}.Release|Any CPU.ActiveCfg = Release|Any CPU
		{A92B563A-D1EB-4047-A529-709B58E1419C}.Release|Any CPU.Build.0 = Release|Any CPU
	EndGlobalSection
	GlobalSection(SolutionProperties) = preSolution
		HideSolutionNode = FALSE
	EndGlobalSection
	GlobalSection(ExtensibilityGlobals) = postSolution
		SolutionGuid = {73EB82AB-F412-4230-B5F6-55FF9BD69340}
	EndGlobalSection
EndGlobal
